
Microsoft Visual Studio Solution File, Format Version 12.00
# Visual Studio 15
VisualStudioVersion = 15.0.28307.1259
MinimumVisualStudioVersion = 10.0.40219.1
Project("{FAE04EC0-301F-11D3-BF4B-00C04F79EFBC}") = "DFO.Api", "DFO.Api\DFO.Api.csproj", "{4F238A68-563B-4050-AC82-0E2280EF78D8}"
EndProject
Global
	GlobalSection(SolutionConfigurationPlatforms) = preSolution
		Debug|Any CPU = Debug|Any CPU
		Release|Any CPU = Release|Any CPU
	EndGlobalSection
	GlobalSection(ProjectConfigurationPlatforms) = postSolution
		{4F238A68-563B-4050-AC82-0E2280EF78D8}.Debug|Any CPU.ActiveCfg = Debug|Any CPU
		{4F238A68-563B-4050-AC82-0E2280EF78D8}.Debug|Any CPU.Build.0 = Debug|Any CPU
		{4F238A68-563B-4050-AC82-0E2280EF78D8}.Release|Any CPU.ActiveCfg = Release|Any CPU
		{4F238A68-563B-4050-AC82-0E2280EF78D8}.Release|Any CPU.Build.0 = Release|Any CPU
	EndGlobalSection
	GlobalSection(SolutionProperties) = preSolution
		HideSolutionNode = FALSE
	EndGlobalSection
	GlobalSection(ExtensibilityGlobals) = postSolution
		SolutionGuid = {AB1F70BC-08E8-4539-A791-85823D906006}
	EndGlobalSection
EndGlobal
